{
  "name": "freechange",
  "version": "0.0.133",
  "lockfileVersion": 2,
  "requires": true,
  "packages": {
    "": {
      "name": "freechange",
      "version": "0.0.133",
      "license": "MIT",
      "bin": {
        "freechange": "js/cmd.js"
      },
      "devDependencies": {
        "entities": "^2.0.2",
        "json-stable-stringify": "^1.0.1",
        "minimist": "^1.2.5",
        "neat-csv": "^5.2.0",
        "node-fetch": "^2.6.1",
        "sax": "^1.2.4",
        "sax-parser": "^2.0.1"
      }
    },
    "node_modules/@hapi/address": {
      "version": "2.1.4",
      "resolved": "https://registry.npmjs.org/@hapi/address/-/address-2.1.4.tgz",
      "integrity": "sha512-QD1PhQk+s31P1ixsX0H0Suoupp3VMXzIVMSwobR3F3MSUO2YCV0B7xqLcUw/Bh8yuvd3LhpyqLQWTNcRmp6IdQ==",
      "deprecated": "Moved to 'npm install @sideway/address'",
      "dev": true
    },
    "node_modules/@hapi/formula": {
      "version": "1.2.0",
      "resolved": "https://registry.npmjs.org/@hapi/formula/-/formula-1.2.0.tgz",
      "integrity": "sha512-UFbtbGPjstz0eWHb+ga/GM3Z9EzqKXFWIbSOFURU0A/Gku0Bky4bCk9/h//K2Xr3IrCfjFNhMm4jyZ5dbCewGA==",
      "deprecated": "Moved to 'npm install @sideway/formula'",
      "dev": true
    },
    "node_modules/@hapi/hoek": {
      "version": "8.5.1",
      "resolved": "https://registry.npmjs.org/@hapi/hoek/-/hoek-8.5.1.tgz",
      "integrity": "sha512-yN7kbciD87WzLGc5539Tn0sApjyiGHAJgKvG9W8C7O+6c7qmoQMfVs0W4bX17eqz6C78QJqqFrtgdK5EWf6Qow==",
      "deprecated": "This version has been deprecated and is no longer supported or maintained",
      "dev": true
    },
    "node_modules/@hapi/joi": {
      "version": "16.1.8",
      "resolved": "https://registry.npmjs.org/@hapi/joi/-/joi-16.1.8.tgz",
      "integrity": "sha512-wAsVvTPe+FwSrsAurNt5vkg3zo+TblvC5Bb1zMVK6SJzZqw9UrJnexxR+76cpePmtUZKHAPxcQ2Bf7oVHyahhg==",
      "deprecated": "Switch to 'npm install joi'",
      "dev": true,
      "dependencies": {
        "@hapi/address": "^2.1.2",
        "@hapi/formula": "^1.2.0",
        "@hapi/hoek": "^8.2.4",
        "@hapi/pinpoint": "^1.0.2",
        "@hapi/topo": "^3.1.3"
      }
    },
    "node_modules/@hapi/pinpoint": {
      "version": "1.0.2",
      "resolved": "https://registry.npmjs.org/@hapi/pinpoint/-/pinpoint-1.0.2.tgz",
      "integrity": "sha512-dtXC/WkZBfC5vxscazuiJ6iq4j9oNx1SHknmIr8hofarpKUZKmlUVYVIhNVzIEgK5Wrc4GMHL5lZtt1uS2flmQ==",
      "deprecated": "Moved to 'npm install @sideway/pinpoint'",
      "dev": true
    },
    "node_modules/@hapi/topo": {
      "version": "3.1.6",
      "resolved": "https://registry.npmjs.org/@hapi/topo/-/topo-3.1.6.tgz",
      "integrity": "sha512-tAag0jEcjwH+P2quUfipd7liWCNX2F8NvYjQp2wtInsZxnMlypdw0FtAOLxtvvkO+GSRRbmNi8m/5y42PQJYCQ==",
      "deprecated": "This version has been deprecated and is no longer supported or maintained",
      "dev": true,
      "dependencies": {
        "@hapi/hoek": "^8.3.0"
      }
    },
    "node_modules/buffer-alloc": {
      "version": "1.2.0",
      "resolved": "https://registry.npmjs.org/buffer-alloc/-/buffer-alloc-1.2.0.tgz",
      "integrity": "sha512-CFsHQgjtW1UChdXgbyJGtnm+O/uLQeZdtbDo8mfUgYXCHSM1wgrVxXm6bSyrUuErEb+4sYVGCzASBRot7zyrow==",
      "dev": true,
      "dependencies": {
        "buffer-alloc-unsafe": "^1.1.0",
        "buffer-fill": "^1.0.0"
      }
    },
    "node_modules/buffer-alloc-unsafe": {
      "version": "1.1.0",
      "resolved": "https://registry.npmjs.org/buffer-alloc-unsafe/-/buffer-alloc-unsafe-1.1.0.tgz",
      "integrity": "sha512-TEM2iMIEQdJ2yjPJoSIsldnleVaAk1oW3DBVUykyOLsEsFmEc9kn+SFFPz+gl54KQNxlDnAwCXosOS9Okx2xAg==",
      "dev": true
    },
    "node_modules/buffer-fill": {
      "version": "1.0.0",
      "resolved": "https://registry.npmjs.org/buffer-fill/-/buffer-fill-1.0.0.tgz",
      "integrity": "sha1-+PeLdniYiO858gXNY39o5wISKyw=",
      "dev": true
    },
    "node_modules/buffer-from": {
      "version": "1.1.1",
      "resolved": "https://registry.npmjs.org/buffer-from/-/buffer-from-1.1.1.tgz",
      "integrity": "sha512-MQcXEUbCKtEo7bhqEs6560Hyd4XaovZlO/k9V3hjVUF/zwW7KBVdSK4gIt/bzwS9MbR5qob+F5jusZsb0YQK2A==",
      "dev": true
    },
    "node_modules/core-util-is": {
      "version": "1.0.2",
      "resolved": "https://registry.npmjs.org/core-util-is/-/core-util-is-1.0.2.tgz",
      "integrity": "sha1-tf1UIgqivFq1eqtxQMlAdUUDwac=",
      "dev": true
    },
    "node_modules/csv-parser": {
      "version": "2.3.2",
      "resolved": "https://registry.npmjs.org/csv-parser/-/csv-parser-2.3.2.tgz",
      "integrity": "sha512-ggurTYuhhoUJyrPXTAkiO1x6QXkxAoimV+YSz2eSAXF+jQ/Xve/030T34tVStKFmX56pPtY5PiZl3bR4HkZK+Q==",
      "dev": true,
      "dependencies": {
        "@hapi/joi": "^16.1.4",
        "buffer-alloc": "^1.1.0",
        "buffer-from": "^1.0.0",
        "generate-object-property": "^1.0.0",
        "minimist": "^1.2.0",
        "ndjson": "^1.4.0"
      },
      "bin": {
        "csv-parser": "bin/csv-parser"
      },
      "engines": {
        "node": ">= 8.16.0"
      }
    },
    "node_modules/end-of-stream": {
      "version": "1.4.4",
      "resolved": "https://registry.npmjs.org/end-of-stream/-/end-of-stream-1.4.4.tgz",
      "integrity": "sha512-+uw1inIHVPQoaVuHzRyXd21icM+cnt4CzD5rW+NC1wjOUSTOs+Te7FOv7AhN7vS9x/oIyhLP5PR1H+phQAHu5Q==",
      "dev": true,
      "dependencies": {
        "once": "^1.4.0"
      }
    },
    "node_modules/entities": {
      "version": "2.0.2",
      "resolved": "https://registry.npmjs.org/entities/-/entities-2.0.2.tgz",
      "integrity": "sha512-dmD3AvJQBUjKpcNkoqr+x+IF0SdRtPz9Vk0uTy4yWqga9ibB6s4v++QFWNohjiUGoMlF552ZvNyXDxz5iW0qmw==",
      "dev": true
    },
    "node_modules/generate-object-property": {
      "version": "1.2.0",
      "resolved": "https://registry.npmjs.org/generate-object-property/-/generate-object-property-1.2.0.tgz",
      "integrity": "sha1-nA4cQDCM6AT0eDYYuTf6iPmdUNA=",
      "dev": true,
      "dependencies": {
        "is-property": "^1.0.0"
      }
    },
    "node_modules/get-stream": {
      "version": "5.1.0",
      "resolved": "https://registry.npmjs.org/get-stream/-/get-stream-5.1.0.tgz",
      "integrity": "sha512-EXr1FOzrzTfGeL0gQdeFEvOMm2mzMOglyiOXSTpPC+iAjAKftbr3jpCMWynogwYnM+eSj9sHGc6wjIcDvYiygw==",
      "dev": true,
      "dependencies": {
        "pump": "^3.0.0"
      },
      "engines": {
        "node": ">=8"
      }
    },
    "node_modules/inherits": {
      "version": "2.0.4",
      "resolved": "https://registry.npmjs.org/inherits/-/inherits-2.0.4.tgz",
      "integrity": "sha512-k/vGaX4/Yla3WzyMCvTQOXYeIHvqOKtnqBduzTHpzpQZzAskKMhZ2K+EnBiSM9zGSoIFeMpXKxa4dYeZIQqewQ==",
      "dev": true
    },
    "node_modules/is-property": {
      "version": "1.0.2",
      "resolved": "https://registry.npmjs.org/is-property/-/is-property-1.0.2.tgz",
      "integrity": "sha1-V/4cTkhHTt1lsJkR8msc1Ald2oQ=",
      "dev": true
    },
    "node_modules/isarray": {
      "version": "1.0.0",
      "resolved": "https://registry.npmjs.org/isarray/-/isarray-1.0.0.tgz",
      "integrity": "sha1-u5NdSFgsuhaMBoNJV6VKPgcSTxE=",
      "dev": true
    },
    "node_modules/json-stable-stringify": {
      "version": "1.0.1",
      "resolved": "https://registry.npmjs.org/json-stable-stringify/-/json-stable-stringify-1.0.1.tgz",
      "integrity": "sha1-mnWdOcXy/1A/1TAGRu1EX4jE+a8=",
      "dev": true,
      "dependencies": {
        "jsonify": "~0.0.0"
      }
    },
    "node_modules/json-stringify-safe": {
      "version": "5.0.1",
      "resolved": "https://registry.npmjs.org/json-stringify-safe/-/json-stringify-safe-5.0.1.tgz",
      "integrity": "sha1-Epai1Y/UXxmg9s4B1lcB4sc1tus=",
      "dev": true
    },
    "node_modules/jsonify": {
      "version": "0.0.0",
      "resolved": "https://registry.npmjs.org/jsonify/-/jsonify-0.0.0.tgz",
      "integrity": "sha1-LHS27kHZPKUbe1qu6PUDYx0lKnM=",
      "dev": true,
      "engines": {
        "node": "*"
      }
    },
    "node_modules/minimist": {
      "version": "1.2.5",
      "resolved": "https://registry.npmjs.org/minimist/-/minimist-1.2.5.tgz",
      "integrity": "sha512-FM9nNUYrRBAELZQT3xeZQ7fmMOBg6nWNmJKTcgsJeaLstP/UODVpGsr5OhXhhXg6f+qtJ8uiZ+PUxkDWcgIXLw==",
      "dev": true
    },
    "node_modules/ndjson": {
      "version": "1.5.0",
      "resolved": "https://registry.npmjs.org/ndjson/-/ndjson-1.5.0.tgz",
      "integrity": "sha1-rmA7NrE0vOw0e0UkIrC/mNWDLsg=",
      "dev": true,
      "dependencies": {
        "json-stringify-safe": "^5.0.1",
        "minimist": "^1.2.0",
        "split2": "^2.1.0",
        "through2": "^2.0.3"
      },
      "bin": {
        "ndjson": "cli.js"
      }
    },
    "node_modules/neat-csv": {
      "version": "5.2.0",
      "resolved": "https://registry.npmjs.org/neat-csv/-/neat-csv-5.2.0.tgz",
      "integrity": "sha512-JMbn4RPKo1heWhDihK9kbffxkDdd2uFSk30t3YOz1u3gsbIGhGUNlmGGa5H9yySLie3qU4lsLwrxQyirExD71A==",
      "dev": true,
      "dependencies": {
        "csv-parser": "^2.3.2",
        "get-stream": "^5.1.0",
        "to-readable-stream": "^2.1.0"
      },
      "engines": {
        "node": ">=8"
      },
      "funding": {
        "url": "https://github.com/sponsors/sindresorhus"
      }
    },
    "node_modules/node-fetch": {
      "version": "2.6.1",
      "resolved": "https://registry.npmjs.org/node-fetch/-/node-fetch-2.6.1.tgz",
      "integrity": "sha512-V4aYg89jEoVRxRb2fJdAg8FHvI7cEyYdVAh94HH0UIK8oJxUfkjlDQN9RbMx+bEjP7+ggMiFRprSti032Oipxw==",
      "dev": true,
      "engines": {
        "node": "4.x || >=6.0.0"
      }
    },
    "node_modules/once": {
      "version": "1.4.0",
      "resolved": "https://registry.npmjs.org/once/-/once-1.4.0.tgz",
      "integrity": "sha1-WDsap3WWHUsROsF9nFC6753Xa9E=",
      "dev": true,
      "dependencies": {
        "wrappy": "1"
      }
    },
    "node_modules/process-nextick-args": {
      "version": "2.0.1",
      "resolved": "https://registry.npmjs.org/process-nextick-args/-/process-nextick-args-2.0.1.tgz",
      "integrity": "sha512-3ouUOpQhtgrbOa17J7+uxOTpITYWaGP7/AhoR3+A+/1e9skrzelGi/dXzEYyvbxubEF6Wn2ypscTKiKJFFn1ag==",
      "dev": true
    },
    "node_modules/pump": {
      "version": "3.0.0",
      "resolved": "https://registry.npmjs.org/pump/-/pump-3.0.0.tgz",
      "integrity": "sha512-LwZy+p3SFs1Pytd/jYct4wpv49HiYCqd9Rlc5ZVdk0V+8Yzv6jR5Blk3TRmPL1ft69TxP0IMZGJ+WPFU2BFhww==",
      "dev": true,
      "dependencies": {
        "end-of-stream": "^1.1.0",
        "once": "^1.3.1"
      }
    },
    "node_modules/readable-stream": {
      "version": "2.3.7",
      "resolved": "https://registry.npmjs.org/readable-stream/-/readable-stream-2.3.7.tgz",
      "integrity": "sha512-Ebho8K4jIbHAxnuxi7o42OrZgF/ZTNcsZj6nRKyUmkhLFq8CHItp/fy6hQZuZmP/n3yZ9VBUbp4zz/mX8hmYPw==",
      "dev": true,
      "dependencies": {
        "core-util-is": "~1.0.0",
        "inherits": "~2.0.3",
        "isarray": "~1.0.0",
        "process-nextick-args": "~2.0.0",
        "safe-buffer": "~5.1.1",
        "string_decoder": "~1.1.1",
        "util-deprecate": "~1.0.1"
      }
    },
    "node_modules/safe-buffer": {
      "version": "5.1.2",
      "resolved": "https://registry.npmjs.org/safe-buffer/-/safe-buffer-5.1.2.tgz",
      "integrity": "sha512-Gd2UZBJDkXlY7GbJxfsE8/nvKkUEU1G38c1siN6QP6a9PT9MmHB8GnpscSmMJSoF8LOIrt8ud/wPtojys4G6+g==",
      "dev": true
    },
    "node_modules/sax": {
      "version": "1.2.4",
      "resolved": "https://registry.npmjs.org/sax/-/sax-1.2.4.tgz",
      "integrity": "sha512-NqVDv9TpANUjFm0N8uM5GxL36UgKi9/atZw+x7YFnQ8ckwFGKrl4xX4yWtrey3UJm5nP1kUbnYgLopqWNSRhWw==",
      "dev": true
    },
    "node_modules/sax-parser": {
      "version": "2.0.1",
      "resolved": "https://registry.npmjs.org/sax-parser/-/sax-parser-2.0.1.tgz",
      "integrity": "sha512-hSYyyEWCZ5adMeoiMzyv15iExwf+pqc4xwtzMk5G5BgO3jhrgPSHql85GZOwJ1acKqT7IYj5vrGD3N9m0vRA7g==",
      "dev": true
    },
    "node_modules/split2": {
      "version": "2.2.0",
      "resolved": "https://registry.npmjs.org/split2/-/split2-2.2.0.tgz",
      "integrity": "sha512-RAb22TG39LhI31MbreBgIuKiIKhVsawfTgEGqKHTK87aG+ul/PB8Sqoi3I7kVdRWiCfrKxK3uo4/YUkpNvhPbw==",
      "dev": true,
      "dependencies": {
        "through2": "^2.0.2"
      }
    },
    "node_modules/string_decoder": {
      "version": "1.1.1",
      "resolved": "https://registry.npmjs.org/string_decoder/-/string_decoder-1.1.1.tgz",
      "integrity": "sha512-n/ShnvDi6FHbbVfviro+WojiFzv+s8MPMHBczVePfUpDJLwoLT0ht1l4YwBCbi8pJAveEEdnkHyPyTP/mzRfwg==",
      "dev": true,
      "dependencies": {
        "safe-buffer": "~5.1.0"
      }
    },
    "node_modules/through2": {
      "version": "2.0.5",
      "resolved": "https://registry.npmjs.org/through2/-/through2-2.0.5.tgz",
      "integrity": "sha512-/mrRod8xqpA+IHSLyGCQ2s8SPHiCDEeQJSep1jqLYeEUClOFG2Qsh+4FU6G9VeqpZnGW/Su8LQGc4YKni5rYSQ==",
      "dev": true,
      "dependencies": {
        "readable-stream": "~2.3.6",
        "xtend": "~4.0.1"
      }
    },
    "node_modules/to-readable-stream": {
      "version": "2.1.0",
      "resolved": "https://registry.npmjs.org/to-readable-stream/-/to-readable-stream-2.1.0.tgz",
      "integrity": "sha512-o3Qa6DGg1CEXshSdvWNX2sN4QHqg03SPq7U6jPXRahlQdl5dK8oXjkU/2/sGrnOZKeGV1zLSO8qPwyKklPPE7w==",
      "dev": true,
      "engines": {
        "node": ">=8"
      }
    },
    "node_modules/util-deprecate": {
      "version": "1.0.2",
      "resolved": "https://registry.npmjs.org/util-deprecate/-/util-deprecate-1.0.2.tgz",
      "integrity": "sha1-RQ1Nyfpw3nMnYvvS1KKJgUGaDM8=",
      "dev": true
    },
    "node_modules/wrappy": {
      "version": "1.0.2",
      "resolved": "https://registry.npmjs.org/wrappy/-/wrappy-1.0.2.tgz",
      "integrity": "sha1-tSQ9jz7BqjXxNkYFvA0QNuMKtp8=",
      "dev": true
    },
    "node_modules/xtend": {
      "version": "4.0.2",
      "resolved": "https://registry.npmjs.org/xtend/-/xtend-4.0.2.tgz",
      "integrity": "sha512-LKYU1iAXJXUgAXn9URjiu+MWhyUXHsvfp7mcuYm9dSUKK0/CjtrUwFAxD82/mCWbtLsGjFIad0wIsod4zrTAEQ==",
      "dev": true,
      "engines": {
        "node": ">=0.4"
      }
    }
  },
  "dependencies": {
    "@hapi/address": {
      "version": "2.1.4",
      "resolved": "https://registry.npmjs.org/@hapi/address/-/address-2.1.4.tgz",
      "integrity": "sha512-QD1PhQk+s31P1ixsX0H0Suoupp3VMXzIVMSwobR3F3MSUO2YCV0B7xqLcUw/Bh8yuvd3LhpyqLQWTNcRmp6IdQ==",
      "dev": true
    },
    "@hapi/formula": {
      "version": "1.2.0",
      "resolved": "https://registry.npmjs.org/@hapi/formula/-/formula-1.2.0.tgz",
      "integrity": "sha512-UFbtbGPjstz0eWHb+ga/GM3Z9EzqKXFWIbSOFURU0A/Gku0Bky4bCk9/h//K2Xr3IrCfjFNhMm4jyZ5dbCewGA==",
      "dev": true
    },
    "@hapi/hoek": {
      "version": "8.5.1",
      "resolved": "https://registry.npmjs.org/@hapi/hoek/-/hoek-8.5.1.tgz",
      "integrity": "sha512-yN7kbciD87WzLGc5539Tn0sApjyiGHAJgKvG9W8C7O+6c7qmoQMfVs0W4bX17eqz6C78QJqqFrtgdK5EWf6Qow==",
      "dev": true
    },
    "@hapi/joi": {
      "version": "16.1.8",
      "resolved": "https://registry.npmjs.org/@hapi/joi/-/joi-16.1.8.tgz",
      "integrity": "sha512-wAsVvTPe+FwSrsAurNt5vkg3zo+TblvC5Bb1zMVK6SJzZqw9UrJnexxR+76cpePmtUZKHAPxcQ2Bf7oVHyahhg==",
      "dev": true,
      "requires": {
        "@hapi/address": "^2.1.2",
        "@hapi/formula": "^1.2.0",
        "@hapi/hoek": "^8.2.4",
        "@hapi/pinpoint": "^1.0.2",
        "@hapi/topo": "^3.1.3"
      }
    },
    "@hapi/pinpoint": {
      "version": "1.0.2",
      "resolved": "https://registry.npmjs.org/@hapi/pinpoint/-/pinpoint-1.0.2.tgz",
      "integrity": "sha512-dtXC/WkZBfC5vxscazuiJ6iq4j9oNx1SHknmIr8hofarpKUZKmlUVYVIhNVzIEgK5Wrc4GMHL5lZtt1uS2flmQ==",
      "dev": true
    },
    "@hapi/topo": {
      "version": "3.1.6",
      "resolved": "https://registry.npmjs.org/@hapi/topo/-/topo-3.1.6.tgz",
      "integrity": "sha512-tAag0jEcjwH+P2quUfipd7liWCNX2F8NvYjQp2wtInsZxnMlypdw0FtAOLxtvvkO+GSRRbmNi8m/5y42PQJYCQ==",
      "dev": true,
      "requires": {
        "@hapi/hoek": "^8.3.0"
      }
    },
    "buffer-alloc": {
      "version": "1.2.0",
      "resolved": "https://registry.npmjs.org/buffer-alloc/-/buffer-alloc-1.2.0.tgz",
      "integrity": "sha512-CFsHQgjtW1UChdXgbyJGtnm+O/uLQeZdtbDo8mfUgYXCHSM1wgrVxXm6bSyrUuErEb+4sYVGCzASBRot7zyrow==",
      "dev": true,
      "requires": {
        "buffer-alloc-unsafe": "^1.1.0",
        "buffer-fill": "^1.0.0"
      }
    },
    "buffer-alloc-unsafe": {
      "version": "1.1.0",
      "resolved": "https://registry.npmjs.org/buffer-alloc-unsafe/-/buffer-alloc-unsafe-1.1.0.tgz",
      "integrity": "sha512-TEM2iMIEQdJ2yjPJoSIsldnleVaAk1oW3DBVUykyOLsEsFmEc9kn+SFFPz+gl54KQNxlDnAwCXosOS9Okx2xAg==",
      "dev": true
    },
    "buffer-fill": {
      "version": "1.0.0",
      "resolved": "https://registry.npmjs.org/buffer-fill/-/buffer-fill-1.0.0.tgz",
      "integrity": "sha1-+PeLdniYiO858gXNY39o5wISKyw=",
      "dev": true
    },
    "buffer-from": {
      "version": "1.1.1",
      "resolved": "https://registry.npmjs.org/buffer-from/-/buffer-from-1.1.1.tgz",
      "integrity": "sha512-MQcXEUbCKtEo7bhqEs6560Hyd4XaovZlO/k9V3hjVUF/zwW7KBVdSK4gIt/bzwS9MbR5qob+F5jusZsb0YQK2A==",
      "dev": true
    },
    "core-util-is": {
      "version": "1.0.2",
      "resolved": "https://registry.npmjs.org/core-util-is/-/core-util-is-1.0.2.tgz",
      "integrity": "sha1-tf1UIgqivFq1eqtxQMlAdUUDwac=",
      "dev": true
    },
    "csv-parser": {
      "version": "2.3.2",
      "resolved": "https://registry.npmjs.org/csv-parser/-/csv-parser-2.3.2.tgz",
      "integrity": "sha512-ggurTYuhhoUJyrPXTAkiO1x6QXkxAoimV+YSz2eSAXF+jQ/Xve/030T34tVStKFmX56pPtY5PiZl3bR4HkZK+Q==",
      "dev": true,
      "requires": {
        "@hapi/joi": "^16.1.4",
        "buffer-alloc": "^1.1.0",
        "buffer-from": "^1.0.0",
        "generate-object-property": "^1.0.0",
        "minimist": "^1.2.0",
        "ndjson": "^1.4.0"
      }
    },
    "end-of-stream": {
      "version": "1.4.4",
      "resolved": "https://registry.npmjs.org/end-of-stream/-/end-of-stream-1.4.4.tgz",
      "integrity": "sha512-+uw1inIHVPQoaVuHzRyXd21icM+cnt4CzD5rW+NC1wjOUSTOs+Te7FOv7AhN7vS9x/oIyhLP5PR1H+phQAHu5Q==",
      "dev": true,
      "requires": {
        "once": "^1.4.0"
      }
    },
    "entities": {
      "version": "2.0.2",
      "resolved": "https://registry.npmjs.org/entities/-/entities-2.0.2.tgz",
      "integrity": "sha512-dmD3AvJQBUjKpcNkoqr+x+IF0SdRtPz9Vk0uTy4yWqga9ibB6s4v++QFWNohjiUGoMlF552ZvNyXDxz5iW0qmw==",
      "dev": true
    },
    "generate-object-property": {
      "version": "1.2.0",
      "resolved": "https://registry.npmjs.org/generate-object-property/-/generate-object-property-1.2.0.tgz",
      "integrity": "sha1-nA4cQDCM6AT0eDYYuTf6iPmdUNA=",
      "dev": true,
      "requires": {
        "is-property": "^1.0.0"
      }
    },
    "get-stream": {
      "version": "5.1.0",
      "resolved": "https://registry.npmjs.org/get-stream/-/get-stream-5.1.0.tgz",
      "integrity": "sha512-EXr1FOzrzTfGeL0gQdeFEvOMm2mzMOglyiOXSTpPC+iAjAKftbr3jpCMWynogwYnM+eSj9sHGc6wjIcDvYiygw==",
      "dev": true,
      "requires": {
        "pump": "^3.0.0"
      }
    },
    "inherits": {
      "version": "2.0.4",
      "resolved": "https://registry.npmjs.org/inherits/-/inherits-2.0.4.tgz",
      "integrity": "sha512-k/vGaX4/Yla3WzyMCvTQOXYeIHvqOKtnqBduzTHpzpQZzAskKMhZ2K+EnBiSM9zGSoIFeMpXKxa4dYeZIQqewQ==",
      "dev": true
    },
    "is-property": {
      "version": "1.0.2",
      "resolved": "https://registry.npmjs.org/is-property/-/is-property-1.0.2.tgz",
      "integrity": "sha1-V/4cTkhHTt1lsJkR8msc1Ald2oQ=",
      "dev": true
    },
    "isarray": {
      "version": "1.0.0",
      "resolved": "https://registry.npmjs.org/isarray/-/isarray-1.0.0.tgz",
      "integrity": "sha1-u5NdSFgsuhaMBoNJV6VKPgcSTxE=",
      "dev": true
    },
    "json-stable-stringify": {
      "version": "1.0.1",
      "resolved": "https://registry.npmjs.org/json-stable-stringify/-/json-stable-stringify-1.0.1.tgz",
      "integrity": "sha1-mnWdOcXy/1A/1TAGRu1EX4jE+a8=",
      "dev": true,
      "requires": {
        "jsonify": "~0.0.0"
      }
    },
    "json-stringify-safe": {
      "version": "5.0.1",
      "resolved": "https://registry.npmjs.org/json-stringify-safe/-/json-stringify-safe-5.0.1.tgz",
      "integrity": "sha1-Epai1Y/UXxmg9s4B1lcB4sc1tus=",
      "dev": true
    },
    "jsonify": {
      "version": "0.0.0",
      "resolved": "https://registry.npmjs.org/jsonify/-/jsonify-0.0.0.tgz",
      "integrity": "sha1-LHS27kHZPKUbe1qu6PUDYx0lKnM=",
      "dev": true
    },
    "minimist": {
      "version": "1.2.5",
      "resolved": "https://registry.npmjs.org/minimist/-/minimist-1.2.5.tgz",
      "integrity": "sha512-FM9nNUYrRBAELZQT3xeZQ7fmMOBg6nWNmJKTcgsJeaLstP/UODVpGsr5OhXhhXg6f+qtJ8uiZ+PUxkDWcgIXLw==",
      "dev": true
    },
    "ndjson": {
      "version": "1.5.0",
      "resolved": "https://registry.npmjs.org/ndjson/-/ndjson-1.5.0.tgz",
      "integrity": "sha1-rmA7NrE0vOw0e0UkIrC/mNWDLsg=",
      "dev": true,
      "requires": {
        "json-stringify-safe": "^5.0.1",
        "minimist": "^1.2.0",
        "split2": "^2.1.0",
        "through2": "^2.0.3"
      }
    },
    "neat-csv": {
      "version": "5.2.0",
      "resolved": "https://registry.npmjs.org/neat-csv/-/neat-csv-5.2.0.tgz",
      "integrity": "sha512-JMbn4RPKo1heWhDihK9kbffxkDdd2uFSk30t3YOz1u3gsbIGhGUNlmGGa5H9yySLie3qU4lsLwrxQyirExD71A==",
      "dev": true,
      "requires": {
        "csv-parser": "^2.3.2",
        "get-stream": "^5.1.0",
        "to-readable-stream": "^2.1.0"
      }
    },
    "node-fetch": {
      "version": "2.6.1",
      "resolved": "https://registry.npmjs.org/node-fetch/-/node-fetch-2.6.1.tgz",
      "integrity": "sha512-V4aYg89jEoVRxRb2fJdAg8FHvI7cEyYdVAh94HH0UIK8oJxUfkjlDQN9RbMx+bEjP7+ggMiFRprSti032Oipxw==",
      "dev": true
    },
    "once": {
      "version": "1.4.0",
      "resolved": "https://registry.npmjs.org/once/-/once-1.4.0.tgz",
      "integrity": "sha1-WDsap3WWHUsROsF9nFC6753Xa9E=",
      "dev": true,
      "requires": {
        "wrappy": "1"
      }
    },
    "process-nextick-args": {
      "version": "2.0.1",
      "resolved": "https://registry.npmjs.org/process-nextick-args/-/process-nextick-args-2.0.1.tgz",
      "integrity": "sha512-3ouUOpQhtgrbOa17J7+uxOTpITYWaGP7/AhoR3+A+/1e9skrzelGi/dXzEYyvbxubEF6Wn2ypscTKiKJFFn1ag==",
      "dev": true
    },
    "pump": {
      "version": "3.0.0",
      "resolved": "https://registry.npmjs.org/pump/-/pump-3.0.0.tgz",
      "integrity": "sha512-LwZy+p3SFs1Pytd/jYct4wpv49HiYCqd9Rlc5ZVdk0V+8Yzv6jR5Blk3TRmPL1ft69TxP0IMZGJ+WPFU2BFhww==",
      "dev": true,
      "requires": {
        "end-of-stream": "^1.1.0",
        "once": "^1.3.1"
      }
    },
    "readable-stream": {
      "version": "2.3.7",
      "resolved": "https://registry.npmjs.org/readable-stream/-/readable-stream-2.3.7.tgz",
      "integrity": "sha512-Ebho8K4jIbHAxnuxi7o42OrZgF/ZTNcsZj6nRKyUmkhLFq8CHItp/fy6hQZuZmP/n3yZ9VBUbp4zz/mX8hmYPw==",
      "dev": true,
      "requires": {
        "core-util-is": "~1.0.0",
        "inherits": "~2.0.3",
        "isarray": "~1.0.0",
        "process-nextick-args": "~2.0.0",
        "safe-buffer": "~5.1.1",
        "string_decoder": "~1.1.1",
        "util-deprecate": "~1.0.1"
      }
    },
    "safe-buffer": {
      "version": "5.1.2",
      "resolved": "https://registry.npmjs.org/safe-buffer/-/safe-buffer-5.1.2.tgz",
      "integrity": "sha512-Gd2UZBJDkXlY7GbJxfsE8/nvKkUEU1G38c1siN6QP6a9PT9MmHB8GnpscSmMJSoF8LOIrt8ud/wPtojys4G6+g==",
      "dev": true
    },
    "sax": {
      "version": "1.2.4",
      "resolved": "https://registry.npmjs.org/sax/-/sax-1.2.4.tgz",
      "integrity": "sha512-NqVDv9TpANUjFm0N8uM5GxL36UgKi9/atZw+x7YFnQ8ckwFGKrl4xX4yWtrey3UJm5nP1kUbnYgLopqWNSRhWw==",
      "dev": true
    },
    "sax-parser": {
      "version": "2.0.1",
      "resolved": "https://registry.npmjs.org/sax-parser/-/sax-parser-2.0.1.tgz",
      "integrity": "sha512-hSYyyEWCZ5adMeoiMzyv15iExwf+pqc4xwtzMk5G5BgO3jhrgPSHql85GZOwJ1acKqT7IYj5vrGD3N9m0vRA7g==",
      "dev": true
    },
    "split2": {
      "version": "2.2.0",
      "resolved": "https://registry.npmjs.org/split2/-/split2-2.2.0.tgz",
      "integrity": "sha512-RAb22TG39LhI31MbreBgIuKiIKhVsawfTgEGqKHTK87aG+ul/PB8Sqoi3I7kVdRWiCfrKxK3uo4/YUkpNvhPbw==",
      "dev": true,
      "requires": {
        "through2": "^2.0.2"
      }
    },
    "string_decoder": {
      "version": "1.1.1",
      "resolved": "https://registry.npmjs.org/string_decoder/-/string_decoder-1.1.1.tgz",
      "integrity": "sha512-n/ShnvDi6FHbbVfviro+WojiFzv+s8MPMHBczVePfUpDJLwoLT0ht1l4YwBCbi8pJAveEEdnkHyPyTP/mzRfwg==",
      "dev": true,
      "requires": {
        "safe-buffer": "~5.1.0"
      }
    },
    "through2": {
      "version": "2.0.5",
      "resolved": "https://registry.npmjs.org/through2/-/through2-2.0.5.tgz",
      "integrity": "sha512-/mrRod8xqpA+IHSLyGCQ2s8SPHiCDEeQJSep1jqLYeEUClOFG2Qsh+4FU6G9VeqpZnGW/Su8LQGc4YKni5rYSQ==",
      "dev": true,
      "requires": {
        "readable-stream": "~2.3.6",
        "xtend": "~4.0.1"
      }
    },
    "to-readable-stream": {
      "version": "2.1.0",
      "resolved": "https://registry.npmjs.org/to-readable-stream/-/to-readable-stream-2.1.0.tgz",
      "integrity": "sha512-o3Qa6DGg1CEXshSdvWNX2sN4QHqg03SPq7U6jPXRahlQdl5dK8oXjkU/2/sGrnOZKeGV1zLSO8qPwyKklPPE7w==",
      "dev": true
    },
    "util-deprecate": {
      "version": "1.0.2",
      "resolved": "https://registry.npmjs.org/util-deprecate/-/util-deprecate-1.0.2.tgz",
      "integrity": "sha1-RQ1Nyfpw3nMnYvvS1KKJgUGaDM8=",
      "dev": true
    },
    "wrappy": {
      "version": "1.0.2",
      "resolved": "https://registry.npmjs.org/wrappy/-/wrappy-1.0.2.tgz",
      "integrity": "sha1-tSQ9jz7BqjXxNkYFvA0QNuMKtp8=",
      "dev": true
    },
    "xtend": {
      "version": "4.0.2",
      "resolved": "https://registry.npmjs.org/xtend/-/xtend-4.0.2.tgz",
      "integrity": "sha512-LKYU1iAXJXUgAXn9URjiu+MWhyUXHsvfp7mcuYm9dSUKK0/CjtrUwFAxD82/mCWbtLsGjFIad0wIsod4zrTAEQ==",
      "dev": true
    }
  }
}
